<Solution>
  <Folder Name="/.config/">
    <File Path="dotnet-tools.json" />
  </Folder>
  <Folder Name="/.template.config/">
    <File Path=".template.config/template.json" />
  </Folder>
  <Folder Name="/docs/" />
  <Folder Name="/docs/architecture/" />
  <Folder Name="/Solution Items/">
    <File Path=".editorconfig" />
    <File Path="Directory.Build.props" />
    <File Path="Directory.Packages.props" />
    <File Path="global.json" />
    <File Path="README.md" />
  </Folder>
  <Folder Name="/src/">
    <Project Path="src/CleanArchitectureTemplate.Api/CleanArchitectureTemplate.Api.csproj" />
    <Project Path="src/CleanArchitectureTemplate.Application/CleanArchitectureTemplate.Application.csproj" />
    <Project Path="src/CleanArchitectureTemplate.Domain/CleanArchitectureTemplate.Domain.csproj" />
    <Project Path="src/CleanArchitectureTemplate.Repository/CleanArchitectureTemplate.Repository.csproj" />
  </Folder>
  <Folder Name="/tests/">
    <Project Path="tests/CleanArchitectureTemplate.IntegrationTests/CleanArchitectureTemplate.IntegrationTests.csproj" Id="43a9dcaa-aae2-4be3-9b71-1016834915bd" />
    <Project Path="tests/CleanArchitectureTemplate.UnitTests/CleanArchitectureTemplate.UnitTests.csproj" Id="29fe49e3-c513-434f-835a-ed296127d9bf" />
  </Folder>
</Solution>
